// !$*UTF8*$!
{
	archiveVersion = 1;
	classes = {
	};
	objectVersion = 55;
	objects = {

/* Begin PBXBuildFile section */
		3591CECE286F444100651871 /* AppDelegate.swift in Sources */ = {isa = PBXBuildFile; fileRef = 3591CECD286F444100651871 /* AppDelegate.swift */; };
		3591CED0286F444100651871 /* SceneDelegate.swift in Sources */ = {isa = PBXBuildFile; fileRef = 3591CECF286F444100651871 /* SceneDelegate.swift */; };
		3591CED7286F444200651871 /* Assets.xcassets in Resources */ = {isa = PBXBuildFile; fileRef = 3591CED6286F444200651871 /* Assets.xcassets */; };
		3591CEDA286F444200651871 /* LaunchScreen.storyboard in Resources */ = {isa = PBXBuildFile; fileRef = 3591CED8286F444200651871 /* LaunchScreen.storyboard */; };
		3591CEE5286F444200651871 /* TranslationGameTests.swift in Sources */ = {isa = PBXBuildFile; fileRef = 3591CEE4286F444200651871 /* TranslationGameTests.swift */; };
		3591CEEF286F444200651871 /* TranslationGameUITests.swift in Sources */ = {isa = PBXBuildFile; fileRef = 3591CEEE286F444200651871 /* TranslationGameUITests.swift */; };
		3591CEF1286F444200651871 /* TranslationGameUITestsLaunchTests.swift in Sources */ = {isa = PBXBuildFile; fileRef = 3591CEF0286F444200651871 /* TranslationGameUITestsLaunchTests.swift */; };
/* End PBXBuildFile section */

/* Begin PBXContainerItemProxy section */
		3591CEE1286F444200651871 /* PBXContainerItemProxy */ = {
			isa = PBXContainerItemProxy;
			containerPortal = 3591CEC2286F444100651871 /* Project object */;
			proxyType = 1;
			remoteGlobalIDString = 3591CEC9286F444100651871;
			remoteInfo = TranslationGame;
		};
		3591CEEB286F444200651871 /* PBXContainerItemProxy */ = {
			isa = PBXContainerItemProxy;
			containerPortal = 3591CEC2286F444100651871 /* Project object */;
			proxyType = 1;
			remoteGlobalIDString = 3591CEC9286F444100651871;
			remoteInfo = TranslationGame;
		};
/* End PBXContainerItemProxy section */

/* Begin PBXFileReference section */
		3591CECA286F444100651871 /* TranslationGame.app */ = {isa = PBXFileReference; explicitFileType = wrapper.application; includeInIndex = 0; path = TranslationGame.app; sourceTree = BUILT_PRODUCTS_DIR; };
		3591CECD286F444100651871 /* AppDelegate.swift */ = {isa = PBXFileReference; lastKnownFileType = sourcecode.swift; path = AppDelegate.swift; sourceTree = "<group>"; };
		3591CECF286F444100651871 /* SceneDelegate.swift */ = {isa = PBXFileReference; lastKnownFileType = sourcecode.swift; path = SceneDelegate.swift; sourceTree = "<group>"; };
		3591CED6286F444200651871 /* Assets.xcassets */ = {isa = PBXFileReference; lastKnownFileType = folder.assetcatalog; path = Assets.xcassets; sourceTree = "<group>"; };
		3591CED9286F444200651871 /* Base */ = {isa = PBXFileReference; lastKnownFileType = file.storyboard; name = Base; path = Base.lproj/LaunchScreen.storyboard; sourceTree = "<group>"; };
		3591CEDB286F444200651871 /* Info.plist */ = {isa = PBXFileReference; lastKnownFileType = text.plist.xml; path = Info.plist; sourceTree = "<group>"; };
		3591CEE0286F444200651871 /* TranslationGameTests.xctest */ = {isa = PBXFileReference; explicitFileType = wrapper.cfbundle; includeInIndex = 0; path = TranslationGameTests.xctest; sourceTree = BUILT_PRODUCTS_DIR; };
		3591CEE4286F444200651871 /* TranslationGameTests.swift */ = {isa = PBXFileReference; lastKnownFileType = sourcecode.swift; path = TranslationGameTests.swift; sourceTree = "<group>"; };
		3591CEEA286F444200651871 /* TranslationGameUITests.xctest */ = {isa = PBXFileReference; explicitFileType = wrapper.cfbundle; includeInIndex = 0; path = TranslationGameUITests.xctest; sourceTree = BUILT_PRODUCTS_DIR; };
		3591CEEE286F444200651871 /* TranslationGameUITests.swift */ = {isa = PBXFileReference; lastKnownFileType = sourcecode.swift; path = TranslationGameUITests.swift; sourceTree = "<group>"; };
		3591CEF0286F444200651871 /* TranslationGameUITestsLaunchTests.swift */ = {isa = PBXFileReference; lastKnownFileType = sourcecode.swift; path = TranslationGameUITestsLaunchTests.swift; sourceTree = "<group>"; };
/* End PBXFileReference section */

/* Begin PBXFrameworksBuildPhase section */
		3591CEC7286F444100651871 /* Frameworks */ = {
			isa = PBXFrameworksBuildPhase;
			buildActionMask = 2147483647;
			files = (
			);
			runOnlyForDeploymentPostprocessing = 0;
		};
		3591CEDD286F444200651871 /* Frameworks */ = {
			isa = PBXFrameworksBuildPhase;
			buildActionMask = 2147483647;
			files = (
			);
			runOnlyForDeploymentPostprocessing = 0;
		};
		3591CEE7286F444200651871 /* Frameworks */ = {
			isa = PBXFrameworksBuildPhase;
			buildActionMask = 2147483647;
			files = (
			);
			runOnlyForDeploymentPostprocessing = 0;
		};
/* End PBXFrameworksBuildPhase section */

/* Begin PBXGroup section */
		3591CEC1286F444100651871 = {
			isa = PBXGroup;
			children = (
				3591CECC286F444100651871 /* TranslationGame */,
				3591CEE3286F444200651871 /* TranslationGameTests */,
				3591CEED286F444200651871 /* TranslationGameUITests */,
				3591CECB286F444100651871 /* Products */,
			);
			sourceTree = "<group>";
		};
		3591CECB286F444100651871 /* Products */ = {
			isa = PBXGroup;
			children = (
				3591CECA286F444100651871 /* TranslationGame.app */,
				3591CEE0286F444200651871 /* TranslationGameTests.xctest */,
				3591CEEA286F444200651871 /* TranslationGameUITests.xctest */,
			);
			name = Products;
			sourceTree = "<group>";
		};
		3591CECC286F444100651871 /* TranslationGame */ = {
			isa = PBXGroup;
			children = (
				3591CECD286F444100651871 /* AppDelegate.swift */,
				3591CECF286F444100651871 /* SceneDelegate.swift */,
				3591CED6286F444200651871 /* Assets.xcassets */,
				3591CED8286F444200651871 /* LaunchScreen.storyboard */,
				3591CEDB286F444200651871 /* Info.plist */,
			);
			path = TranslationGame;
			sourceTree = "<group>";
		};
		3591CEE3286F444200651871 /* TranslationGameTests */ = {
			isa = PBXGroup;
			children = (
				3591CEE4286F444200651871 /* TranslationGameTests.swift */,
			);
			path = TranslationGameTests;
			sourceTree = "<group>";
		};
		3591CEED286F444200651871 /* TranslationGameUITests */ = {
			isa = PBXGroup;
			children = (
				3591CEEE286F444200651871 /* TranslationGameUITests.swift */,
				3591CEF0286F444200651871 /* TranslationGameUITestsLaunchTests.swift */,
			);
			path = TranslationGameUITests;
			sourceTree = "<group>";
		};
/* End PBXGroup section */

/* Begin PBXNativeTarget section */
		3591CEC9286F444100651871 /* TranslationGame */ = {
			isa = PBXNativeTarget;
			buildConfigurationList = 3591CEF4286F444200651871 /* Build configuration list for PBXNativeTarget "TranslationGame" */;
			buildPhases = (
				3591CEC6286F444100651871 /* Sources */,
				3591CEC7286F444100651871 /* Frameworks */,
				3591CEC8286F444100651871 /* Resources */,
			);
			buildRules = (
			);
			dependencies = (
			);
			name = TranslationGame;
			productName = TranslationGame;
			productReference = 3591CECA286F444100651871 /* TranslationGame.app */;
			productType = "com.apple.product-type.application";
		};
		3591CEDF286F444200651871 /* TranslationGameTests */ = {
			isa = PBXNativeTarget;
			buildConfigurationList = 3591CEF7286F444200651871 /* Build configuration list for PBXNativeTarget "TranslationGameTests" */;
			buildPhases = (
				3591CEDC286F444200651871 /* Sources */,
				3591CEDD286F444200651871 /* Frameworks */,
				3591CEDE286F444200651871 /* Resources */,
			);
			buildRules = (
			);
			dependencies = (
				3591CEE2286F444200651871 /* PBXTargetDependency */,
			);
			name = TranslationGameTests;
			productName = TranslationGameTests;
			productReference = 3591CEE0286F444200651871 /* TranslationGameTests.xctest */;
			productType = "com.apple.product-type.bundle.unit-test";
		};
		3591CEE9286F444200651871 /* TranslationGameUITests */ = {
			isa = PBXNativeTarget;
			buildConfigurationList = 3591CEFA286F444200651871 /* Build configuration list for PBXNativeTarget "TranslationGameUITests" */;
			buildPhases = (
				3591CEE6286F444200651871 /* Sources */,
				3591CEE7286F444200651871 /* Frameworks */,
				3591CEE8286F444200651871 /* Resources */,
			);
			buildRules = (
			);
			dependencies = (
				3591CEEC286F444200651871 /* PBXTargetDependency */,
			);
			name = TranslationGameUITests;
			productName = TranslationGameUITests;
			productReference = 3591CEEA286F444200651871 /* TranslationGameUITests.xctest */;
			productType = "com.apple.product-type.bundle.ui-testing";
		};
/* End PBXNativeTarget section */

/* Begin PBXProject section */
		3591CEC2286F444100651871 /* Project object */ = {
			isa = PBXProject;
			attributes = {
				BuildIndependentTargetsInParallel = 1;
				LastSwiftUpdateCheck = 1340;
				LastUpgradeCheck = 1340;
				TargetAttributes = {
					3591CEC9286F444100651871 = {
						CreatedOnToolsVersion = 13.4.1;
					};
					3591CEDF286F444200651871 = {
						CreatedOnToolsVersion = 13.4.1;
						TestTargetID = 3591CEC9286F444100651871;
					};
					3591CEE9286F444200651871 = {
						CreatedOnToolsVersion = 13.4.1;
						TestTargetID = 3591CEC9286F444100651871;
					};
				};
			};
			buildConfigurationList = 3591CEC5286F444100651871 /* Build configuration list for PBXProject "TranslationGame" */;
			compatibilityVersion = "Xcode 13.0";
			developmentRegion = en;
			hasScannedForEncodings = 0;
			knownRegions = (
				en,
				Base,
			);
			mainGroup = 3591CEC1286F444100651871;
			productRefGroup = 3591CECB286F444100651871 /* Products */;
			projectDirPath = "";
			projectRoot = "";
			targets = (
				3591CEC9286F444100651871 /* TranslationGame */,
				3591CEDF286F444200651871 /* TranslationGameTests */,
				3591CEE9286F444200651871 /* TranslationGameUITests */,
			);
		};
/* End PBXProject section */

/* Begin PBXResourcesBuildPhase section */
		3591CEC8286F444100651871 /* Resources */ = {
			isa = PBXResourcesBuildPhase;
			buildActionMask = 2147483647;
			files = (
				3591CEDA286F444200651871 /* LaunchScreen.storyboard in Resources */,
				3591CED7286F444200651871 /* Assets.xcassets in Resources */,
			);
			runOnlyForDeploymentPostprocessing = 0;
		};
		3591CEDE286F444200651871 /* Resources */ = {
			isa = PBXResourcesBuildPhase;
			buildActionMask = 2147483647;
			files = (
			);
			runOnlyForDeploymentPostprocessing = 0;
		};
		3591CEE8286F444200651871 /* Resources */ = {
			isa = PBXResourcesBuildPhase;
			buildActionMask = 2147483647;
			files = (
			);
			runOnlyForDeploymentPostprocessing = 0;
		};
/* End PBXResourcesBuildPhase section */

/* Begin PBXSourcesBuildPhase section */
		3591CEC6286F444100651871 /* Sources */ = {
			isa = PBXSourcesBuildPhase;
			buildActionMask = 2147483647;
			files = (
				3591CECE286F444100651871 /* AppDelegate.swift in Sources */,
				3591CED0286F444100651871 /* SceneDelegate.swift in Sources */,
			);
			runOnlyForDeploymentPostprocessing = 0;
		};
		3591CEDC286F444200651871 /* Sources */ = {
			isa = PBXSourcesBuildPhase;
			buildActionMask = 2147483647;
			files = (
				3591CEE5286F444200651871 /* TranslationGameTests.swift in Sources */,
			);
			runOnlyForDeploymentPostprocessing = 0;
		};
		3591CEE6286F444200651871 /* Sources */ = {
			isa = PBXSourcesBuildPhase;
			buildActionMask = 2147483647;
			files = (
				3591CEF1286F444200651871 /* TranslationGameUITestsLaunchTests.swift in Sources */,
				3591CEEF286F444200651871 /* TranslationGameUITests.swift in Sources */,
			);
			runOnlyForDeploymentPostprocessing = 0;
		};
/* End PBXSourcesBuildPhase section */

/* Begin PBXTargetDependency section */
		3591CEE2286F444200651871 /* PBXTargetDependency */ = {
			isa = PBXTargetDependency;
			target = 3591CEC9286F444100651871 /* TranslationGame */;
			targetProxy = 3591CEE1286F444200651871 /* PBXContainerItemProxy */;
		};
		3591CEEC286F444200651871 /* PBXTargetDependency */ = {
			isa = PBXTargetDependency;
			target = 3591CEC9286F444100651871 /* TranslationGame */;
			targetProxy = 3591CEEB286F444200651871 /* PBXContainerItemProxy */;
		};
/* End PBXTargetDependency section */

/* Begin PBXVariantGroup section */
		3591CED8286F444200651871 /* LaunchScreen.storyboard */ = {
			isa = PBXVariantGroup;
			children = (
				3591CED9286F444200651871 /* Base */,
			);
			name = LaunchScreen.storyboard;
			sourceTree = "<group>";
		};
/* End PBXVariantGroup section */

/* Begin XCBuildConfiguration section */
		3591CEF2286F444200651871 /* Debug */ = {
			isa = XCBuildConfiguration;
			buildSettings = {
				ALWAYS_SEARCH_USER_PATHS = NO;
				CLANG_ANALYZER_NONNULL = YES;
				CLANG_ANALYZER_NUMBER_OBJECT_CONVERSION = YES_AGGRESSIVE;
				CLANG_CXX_LANGUAGE_STANDARD = "gnu++17";
				CLANG_ENABLE_MODULES = YES;
				CLANG_ENABLE_OBJC_ARC = YES;
				CLANG_ENABLE_OBJC_WEAK = YES;
				CLANG_WARN_BLOCK_CAPTURE_AUTORELEASING = YES;
				CLANG_WARN_BOOL_CONVERSION = YES;
				CLANG_WARN_COMMA = YES;
				CLANG_WARN_CONSTANT_CONVERSION = YES;
				CLANG_WARN_DEPRECATED_OBJC_IMPLEMENTATIONS = YES;
				CLANG_WARN_DIRECT_OBJC_ISA_USAGE = YES_ERROR;
				CLANG_WARN_DOCUMENTATION_COMMENTS = YES;
				CLANG_WARN_EMPTY_BODY = YES;
				CLANG_WARN_ENUM_CONVERSION = YES;
				CLANG_WARN_INFINITE_RECURSION = YES;
				CLANG_WARN_INT_CONVERSION = YES;
				CLANG_WARN_NON_LITERAL_NULL_CONVERSION = YES;
				CLANG_WARN_OBJC_IMPLICIT_RETAIN_SELF = YES;
				CLANG_WARN_OBJC_LITERAL_CONVERSION = YES;
				CLANG_WARN_OBJC_ROOT_CLASS = YES_ERROR;
				CLANG_WARN_QUOTED_INCLUDE_IN_FRAMEWORK_HEADER = YES;
				CLANG_WARN_RANGE_LOOP_ANALYSIS = YES;
				CLANG_WARN_STRICT_PROTOTYPES = YES;
				CLANG_WARN_SUSPICIOUS_MOVE = YES;
				CLANG_WARN_UNGUARDED_AVAILABILITY = YES_AGGRESSIVE;
				CLANG_WARN_UNREACHABLE_CODE = YES;
				CLANG_WARN__DUPLICATE_METHOD_MATCH = YES;
				COPY_PHASE_STRIP = NO;
				DEBUG_INFORMATION_FORMAT = dwarf;
				ENABLE_STRICT_OBJC_MSGSEND = YES;
				ENABLE_TESTABILITY = YES;
				GCC_C_LANGUAGE_STANDARD = gnu11;
				GCC_DYNAMIC_NO_PIC = NO;
				GCC_NO_COMMON_BLOCKS = YES;
				GCC_OPTIMIZATION_LEVEL = 0;
				GCC_PREPROCESSOR_DEFINITIONS = (
					"DEBUG=1",
					"$(inherited)",
				);
				GCC_WARN_64_TO_32_BIT_CONVERSION = YES;
				GCC_WARN_ABOUT_RETURN_TYPE = YES_ERROR;
				GCC_WARN_UNDECLARED_SELECTOR = YES;
				GCC_WARN_UNINITIALIZED_AUTOS = YES_AGGRESSIVE;
				GCC_WARN_UNUSED_FUNCTION = YES;
				GCC_WARN_UNUSED_VARIABLE = YES;
				IPHONEOS_DEPLOYMENT_TARGET = 15.5;
				MTL_ENABLE_DEBUG_INFO = INCLUDE_SOURCE;
				MTL_FAST_MATH = YES;
				ONLY_ACTIVE_ARCH = YES;
				SDKROOT = iphoneos;
				SWIFT_ACTIVE_COMPILATION_CONDITIONS = DEBUG;
				SWIFT_OPTIMIZATION_LEVEL = "-Onone";
			};
			name = Debug;
		};
		3591CEF3286F444200651871 /* Release */ = {
			isa = XCBuildConfiguration;
			buildSettings = {
				ALWAYS_SEARCH_USER_PATHS = NO;
				CLANG_ANALYZER_NONNULL = YES;
				CLANG_ANALYZER_NUMBER_OBJECT_CONVERSION = YES_AGGRESSIVE;
				CLANG_CXX_LANGUAGE_STANDARD = "gnu++17";
				CLANG_ENABLE_MODULES = YES;
				CLANG_ENABLE_OBJC_ARC = YES;
				CLANG_ENABLE_OBJC_WEAK = YES;
				CLANG_WARN_BLOCK_CAPTURE_AUTORELEASING = YES;
				CLANG_WARN_BOOL_CONVERSION = YES;
				CLANG_WARN_COMMA = YES;
				CLANG_WARN_CONSTANT_CONVERSION = YES;
				CLANG_WARN_DEPRECATED_OBJC_IMPLEMENTATIONS = YES;
				CLANG_WARN_DIRECT_OBJC_ISA_USAGE = YES_ERROR;
				CLANG_WARN_DOCUMENTATION_COMMENTS = YES;
				CLANG_WARN_EMPTY_BODY = YES;
				CLANG_WARN_ENUM_CONVERSION = YES;
				CLANG_WARN_INFINITE_RECURSION = YES;
				CLANG_WARN_INT_CONVERSION = YES;
				CLANG_WARN_NON_LITERAL_NULL_CONVERSION = YES;
				CLANG_WARN_OBJC_IMPLICIT_RETAIN_SELF = YES;
				CLANG_WARN_OBJC_LITERAL_CONVERSION = YES;
				CLANG_WARN_OBJC_ROOT_CLASS = YES_ERROR;
				CLANG_WARN_QUOTED_INCLUDE_IN_FRAMEWORK_HEADER = YES;
				CLANG_WARN_RANGE_LOOP_ANALYSIS = YES;
				CLANG_WARN_STRICT_PROTOTYPES = YES;
				CLANG_WARN_SUSPICIOUS_MOVE = YES;
				CLANG_WARN_UNGUARDED_AVAILABILITY = YES_AGGRESSIVE;
				CLANG_WARN_UNREACHABLE_CODE = YES;
				CLANG_WARN__DUPLICATE_METHOD_MATCH = YES;
				COPY_PHASE_STRIP = NO;
				DEBUG_INFORMATION_FORMAT = "dwarf-with-dsym";
				ENABLE_NS_ASSERTIONS = NO;
				ENABLE_STRICT_OBJC_MSGSEND = YES;
				GCC_C_LANGUAGE_STANDARD = gnu11;
				GCC_NO_COMMON_BLOCKS = YES;
				GCC_WARN_64_TO_32_BIT_CONVERSION = YES;
				GCC_WARN_ABOUT_RETURN_TYPE = YES_ERROR;
				GCC_WARN_UNDECLARED_SELECTOR = YES;
				GCC_WARN_UNINITIALIZED_AUTOS = YES_AGGRESSIVE;
				GCC_WARN_UNUSED_FUNCTION = YES;
				GCC_WARN_UNUSED_VARIABLE = YES;
				IPHONEOS_DEPLOYMENT_TARGET = 15.5;
				MTL_ENABLE_DEBUG_INFO = NO;
				MTL_FAST_MATH = YES;
				SDKROOT = iphoneos;
				SWIFT_COMPILATION_MODE = wholemodule;
				SWIFT_OPTIMIZATION_LEVEL = "-O";
				VALIDATE_PRODUCT = YES;
			};
			name = Release;
		};
		3591CEF5286F444200651871 /* Debug */ = {
			isa = XCBuildConfiguration;
			buildSettings = {
				ASSETCATALOG_COMPILER_APPICON_NAME = AppIcon;
				ASSETCATALOG_COMPILER_GLOBAL_ACCENT_COLOR_NAME = AccentColor;
				CODE_SIGN_STYLE = Automatic;
				CURRENT_PROJECT_VERSION = 1;
				DEVELOPMENT_TEAM = 9VRPM2996S;
				GENERATE_INFOPLIST_FILE = YES;
				INFOPLIST_FILE = TranslationGame/Info.plist;
				INFOPLIST_KEY_UIApplicationSupportsIndirectInputEvents = YES;
				INFOPLIST_KEY_UILaunchStoryboardName = LaunchScreen;
				INFOPLIST_KEY_UIMainStoryboardFile = "";
				INFOPLIST_KEY_UISupportedInterfaceOrientations_iPad = "UIInterfaceOrientationPortrait UIInterfaceOrientationPortraitUpsideDown UIInterfaceOrientationLandscapeLeft UIInterfaceOrientationLandscapeRight";
				INFOPLIST_KEY_UISupportedInterfaceOrientations_iPhone = "UIInterfaceOrientationPortrait UIInterfaceOrientationLandscapeLeft UIInterfaceOrientationLandscapeRight";
				LD_RUNPATH_SEARCH_PATHS = (
					"$(inherited)",
					"@executable_path/Frameworks",
				);
				MARKETING_VERSION = 1.0;
				PRODUCT_BUNDLE_IDENTIFIER = com.ali.nabil.ysf.TranslationGame;
				PRODUCT_NAME = "$(TARGET_NAME)";
				SWIFT_EMIT_LOC_STRINGS = YES;
				SWIFT_VERSION = 5.0;
				TARGETED_DEVICE_FAMILY = 1;
			};
			name = Debug;
		};
		3591CEF6286F444200651871 /* Release */ = {
			isa = XCBuildConfiguration;
			buildSettings = {
				ASSETCATALOG_COMPILER_APPICON_NAME = AppIcon;
				ASSETCATALOG_COMPILER_GLOBAL_ACCENT_COLOR_NAME = AccentColor;
				CODE_SIGN_STYLE = Automatic;
				CURRENT_PROJECT_VERSION = 1;
				DEVELOPMENT_TEAM = 9VRPM2996S;
				GENERATE_INFOPLIST_FILE = YES;
				INFOPLIST_FILE = TranslationGame/Info.plist;
				INFOPLIST_KEY_UIApplicationSupportsIndirectInputEvents = YES;
				INFOPLIST_KEY_UILaunchStoryboardName = LaunchScreen;
				INFOPLIST_KEY_UIMainStoryboardFile = "";
				INFOPLIST_KEY_UISupportedInterfaceOrientations_iPad = "UIInterfaceOrientationPortrait UIInterfaceOrientationPortraitUpsideDown UIInterfaceOrientationLandscapeLeft UIInterfaceOrientationLandscapeRight";
				INFOPLIST_KEY_UISupportedInterfaceOrientations_iPhone = "UIInterfaceOrientationPortrait UIInterfaceOrientationLandscapeLeft UIInterfaceOrientationLandscapeRight";
				LD_RUNPATH_SEARCH_PATHS = (
					"$(inherited)",
					"@executable_path/Frameworks",
				);
				MARKETING_VERSION = 1.0;
				PRODUCT_BUNDLE_IDENTIFIER = com.ali.nabil.ysf.TranslationGame;
				PRODUCT_NAME = "$(TARGET_NAME)";
				SWIFT_EMIT_LOC_STRINGS = YES;
				SWIFT_VERSION = 5.0;
				TARGETED_DEVICE_FAMILY = 1;
			};
			name = Release;
		};
		3591CEF8286F444200651871 /* Debug */ = {
			isa = XCBuildConfiguration;
			buildSettings = {
				ALWAYS_EMBED_SWIFT_STANDARD_LIBRARIES = YES;
				BUNDLE_LOADER = "$(TEST_HOST)";
				CODE_SIGN_STYLE = Automatic;
				CURRENT_PROJECT_VERSION = 1;
				DEVELOPMENT_TEAM = 9VRPM2996S;
				GENERATE_INFOPLIST_FILE = YES;
				IPHONEOS_DEPLOYMENT_TARGET = 15.5;
				MARKETING_VERSION = 1.0;
				PRODUCT_BUNDLE_IDENTIFIER = com.ali.nabil.ysf.TranslationGameTests;
				PRODUCT_NAME = "$(TARGET_NAME)";
				SWIFT_EMIT_LOC_STRINGS = NO;
				SWIFT_VERSION = 5.0;
				TARGETED_DEVICE_FAMILY = "1,2";
				TEST_HOST = "$(BUILT_PRODUCTS_DIR)/TranslationGame.app/TranslationGame";
			};
			name = Debug;
		};
		3591CEF9286F444200651871 /* Release */ = {
			isa = XCBuildConfiguration;
			buildSettings = {
				ALWAYS_EMBED_SWIFT_STANDARD_LIBRARIES = YES;
				BUNDLE_LOADER = "$(TEST_HOST)";
				CODE_SIGN_STYLE = Automatic;
				CURRENT_PROJECT_VERSION = 1;
				DEVELOPMENT_TEAM = 9VRPM2996S;
				GENERATE_INFOPLIST_FILE = YES;
				IPHONEOS_DEPLOYMENT_TARGET = 15.5;
				MARKETING_VERSION = 1.0;
				PRODUCT_BUNDLE_IDENTIFIER = com.ali.nabil.ysf.TranslationGameTests;
				PRODUCT_NAME = "$(TARGET_NAME)";
				SWIFT_EMIT_LOC_STRINGS = NO;
				SWIFT_VERSION = 5.0;
				TARGETED_DEVICE_FAMILY = "1,2";
				TEST_HOST = "$(BUILT_PRODUCTS_DIR)/TranslationGame.app/TranslationGame";
			};
			name = Release;
		};
		3591CEFB286F444200651871 /* Debug */ = {
			isa = XCBuildConfiguration;
			buildSettings = {
				ALWAYS_EMBED_SWIFT_STANDARD_LIBRARIES = YES;
				CODE_SIGN_STYLE = Automatic;
				CURRENT_PROJECT_VERSION = 1;
				DEVELOPMENT_TEAM = 9VRPM2996S;
				GENERATE_INFOPLIST_FILE = YES;
				MARKETING_VERSION = 1.0;
				PRODUCT_BUNDLE_IDENTIFIER = com.ali.nabil.ysf.TranslationGameUITests;
				PRODUCT_NAME = "$(TARGET_NAME)";
				SWIFT_EMIT_LOC_STRINGS = NO;
				SWIFT_VERSION = 5.0;
				TARGETED_DEVICE_FAMILY = "1,2";
				TEST_TARGET_NAME = TranslationGame;
			};
			name = Debug;
		};
		3591CEFC286F444200651871 /* Release */ = {
			isa = XCBuildConfiguration;
			buildSettings = {
				ALWAYS_EMBED_SWIFT_STANDARD_LIBRARIES = YES;
				CODE_SIGN_STYLE = Automatic;
				CURRENT_PROJECT_VERSION = 1;
				DEVELOPMENT_TEAM = 9VRPM2996S;
				GENERATE_INFOPLIST_FILE = YES;
				MARKETING_VERSION = 1.0;
				PRODUCT_BUNDLE_IDENTIFIER = com.ali.nabil.ysf.TranslationGameUITests;
				PRODUCT_NAME = "$(TARGET_NAME)";
				SWIFT_EMIT_LOC_STRINGS = NO;
				SWIFT_VERSION = 5.0;
				TARGETED_DEVICE_FAMILY = "1,2";
				TEST_TARGET_NAME = TranslationGame;
			};
			name = Release;
		};
/* End XCBuildConfiguration section */

/* Begin XCConfigurationList section */
		3591CEC5286F444100651871 /* Build configuration list for PBXProject "TranslationGame" */ = {
			isa = XCConfigurationList;
			buildConfigurations = (
				3591CEF2286F444200651871 /* Debug */,
				3591CEF3286F444200651871 /* Release */,
			);
			defaultConfigurationIsVisible = 0;
			defaultConfigurationName = Release;
		};
		3591CEF4286F444200651871 /* Build configuration list for PBXNativeTarget "TranslationGame" */ = {
			isa = XCConfigurationList;
			buildConfigurations = (
				3591CEF5286F444200651871 /* Debug */,
				3591CEF6286F444200651871 /* Release */,
			);
			defaultConfigurationIsVisible = 0;
			defaultConfigurationName = Release;
		};
		3591CEF7286F444200651871 /* Build configuration list for PBXNativeTarget "TranslationGameTests" */ = {
			isa = XCConfigurationList;
			buildConfigurations = (
				3591CEF8286F444200651871 /* Debug */,
				3591CEF9286F444200651871 /* Release */,
			);
			defaultConfigurationIsVisible = 0;
			defaultConfigurationName = Release;
		};
		3591CEFA286F444200651871 /* Build configuration list for PBXNativeTarget "TranslationGameUITests" */ = {
			isa = XCConfigurationList;
			buildConfigurations = (
				3591CEFB286F444200651871 /* Debug */,
				3591CEFC286F444200651871 /* Release */,
			);
			defaultConfigurationIsVisible = 0;
			defaultConfigurationName = Release;
		};
/* End XCConfigurationList section */
	};
	rootObject = 3591CEC2286F444100651871 /* Project object */;
}
