// !$*UTF8*$!
{
	archiveVersion = 1;
	classes = {
	};
	objectVersion = 55;
	objects = {

/* Begin PBXBuildFile section */
		3591CECE286F444100651871 /* AppDelegate.swift in Sources */ = {isa = PBXBuildFile; fileRef = 3591CECD286F444100651871 /* AppDelegate.swift */; };
		3591CED0286F444100651871 /* SceneDelegate.swift in Sources */ = {isa = PBXBuildFile; fileRef = 3591CECF286F444100651871 /* SceneDelegate.swift */; };
		3591CED7286F444200651871 /* Assets.xcassets in Resources */ = {isa = PBXBuildFile; fileRef = 3591CED6286F444200651871 /* Assets.xcassets */; };
		3591CEDA286F444200651871 /* LaunchScreen.storyboard in Resources */ = {isa = PBXBuildFile; fileRef = 3591CED8286F444200651871 /* LaunchScreen.storyboard */; };
		3591CEEF286F444200651871 /* TranslationGameUITests.swift in Sources */ = {isa = PBXBuildFile; fileRef = 3591CEEE286F444200651871 /* TranslationGameUITests.swift */; };
		3591CEF1286F444200651871 /* TranslationGameUITestsLaunchTests.swift in Sources */ = {isa = PBXBuildFile; fileRef = 3591CEF0286F444200651871 /* TranslationGameUITestsLaunchTests.swift */; };
		3591CEFE286F4CF700651871 /* Application.swift in Sources */ = {isa = PBXBuildFile; fileRef = 3591CEFD286F4CF700651871 /* Application.swift */; };
		3591CF04286F4DD900651871 /* GameProtocol.swift in Sources */ = {isa = PBXBuildFile; fileRef = 3591CF03286F4DD900651871 /* GameProtocol.swift */; };
		3591CF06286F4DE300651871 /* LogicProtocol.swift in Sources */ = {isa = PBXBuildFile; fileRef = 3591CF05286F4DE300651871 /* LogicProtocol.swift */; };
		3591CF08286F4DEC00651871 /* LevelProtocol.swift in Sources */ = {isa = PBXBuildFile; fileRef = 3591CF07286F4DEC00651871 /* LevelProtocol.swift */; };
		3591CF0A286F4DF700651871 /* PlayerProtocol.swift in Sources */ = {isa = PBXBuildFile; fileRef = 3591CF09286F4DF700651871 /* PlayerProtocol.swift */; };
		3591CF0C286F4E0900651871 /* TranslationGame.swift in Sources */ = {isa = PBXBuildFile; fileRef = 3591CF0B286F4E0900651871 /* TranslationGame.swift */; };
		3591CF0E286F4E1200651871 /* TranslationLogic.swift in Sources */ = {isa = PBXBuildFile; fileRef = 3591CF0D286F4E1200651871 /* TranslationLogic.swift */; };
		3591CF10286F4E1F00651871 /* TranslationLevel.swift in Sources */ = {isa = PBXBuildFile; fileRef = 3591CF0F286F4E1F00651871 /* TranslationLevel.swift */; };
		3591CF12286F4E3300651871 /* CurrentPlayer.swift in Sources */ = {isa = PBXBuildFile; fileRef = 3591CF11286F4E3300651871 /* CurrentPlayer.swift */; };
		3591CF15286F51BB00651871 /* TranslationGameTests.swift in Sources */ = {isa = PBXBuildFile; fileRef = 3591CF14286F51BB00651871 /* TranslationGameTests.swift */; };
		3591CF17286F529B00651871 /* words.json in Resources */ = {isa = PBXBuildFile; fileRef = 3591CF16286F529B00651871 /* words.json */; };
		3591CF18286F529B00651871 /* words.json in Resources */ = {isa = PBXBuildFile; fileRef = 3591CF16286F529B00651871 /* words.json */; };
		3591CF1A286F534300651871 /* TranslationLogicTests.swift in Sources */ = {isa = PBXBuildFile; fileRef = 3591CF19286F534300651871 /* TranslationLogicTests.swift */; };
		3591CF1C286F545200651871 /* TranslationLevelTest.swift in Sources */ = {isa = PBXBuildFile; fileRef = 3591CF1B286F545200651871 /* TranslationLevelTest.swift */; };
		3591CF1E286F54ED00651871 /* CurrentPlayerTests.swift in Sources */ = {isa = PBXBuildFile; fileRef = 3591CF1D286F54ED00651871 /* CurrentPlayerTests.swift */; };
		3591CF21286F572D00651871 /* WordPairModel.swift in Sources */ = {isa = PBXBuildFile; fileRef = 3591CF20286F572D00651871 /* WordPairModel.swift */; };
		3591CF22286F572D00651871 /* WordPairModel.swift in Sources */ = {isa = PBXBuildFile; fileRef = 3591CF20286F572D00651871 /* WordPairModel.swift */; };
		3591CF27286F5F9D00651871 /* Localizable.strings in Resources */ = {isa = PBXBuildFile; fileRef = 3591CF26286F5F9D00651871 /* Localizable.strings */; };
		3591CF28286F5F9D00651871 /* Localizable.strings in Resources */ = {isa = PBXBuildFile; fileRef = 3591CF26286F5F9D00651871 /* Localizable.strings */; };
		3591CF2B286F5FD100651871 /* String+Extension.swift in Sources */ = {isa = PBXBuildFile; fileRef = 3591CF2A286F5FD100651871 /* String+Extension.swift */; };
		3591CF2C286F5FD100651871 /* String+Extension.swift in Sources */ = {isa = PBXBuildFile; fileRef = 3591CF2A286F5FD100651871 /* String+Extension.swift */; };
		B99AB4683AA756A92103E143 /* Pods_TranslationGameTests.framework in Frameworks */ = {isa = PBXBuildFile; fileRef = 2FCFC0B56445581027A50169 /* Pods_TranslationGameTests.framework */; };
		ED967EFCBC9E4F0AE638AF1C /* Pods_TranslationGame_TranslationGameUITests.framework in Frameworks */ = {isa = PBXBuildFile; fileRef = 6D89712686EAD848EBDD1AF1 /* Pods_TranslationGame_TranslationGameUITests.framework */; };
		F8A82BBEB43930EFA21E716A /* Pods_TranslationGame.framework in Frameworks */ = {isa = PBXBuildFile; fileRef = 2856D6FDEE6B4B98F2E785B3 /* Pods_TranslationGame.framework */; };
/* End PBXBuildFile section */

/* Begin PBXContainerItemProxy section */
		3591CEE1286F444200651871 /* PBXContainerItemProxy */ = {
			isa = PBXContainerItemProxy;
			containerPortal = 3591CEC2286F444100651871 /* Project object */;
			proxyType = 1;
			remoteGlobalIDString = 3591CEC9286F444100651871;
			remoteInfo = TranslationGame;
		};
		3591CEEB286F444200651871 /* PBXContainerItemProxy */ = {
			isa = PBXContainerItemProxy;
			containerPortal = 3591CEC2286F444100651871 /* Project object */;
			proxyType = 1;
			remoteGlobalIDString = 3591CEC9286F444100651871;
			remoteInfo = TranslationGame;
		};
/* End PBXContainerItemProxy section */

/* Begin PBXFileReference section */
		1B86ABD8DF66D160669016E4 /* Pods-TranslationGame-TranslationGameUITests.release.xcconfig */ = {isa = PBXFileReference; includeInIndex = 1; lastKnownFileType = text.xcconfig; name = "Pods-TranslationGame-TranslationGameUITests.release.xcconfig"; path = "Target Support Files/Pods-TranslationGame-TranslationGameUITests/Pods-TranslationGame-TranslationGameUITests.release.xcconfig"; sourceTree = "<group>"; };
		2856D6FDEE6B4B98F2E785B3 /* Pods_TranslationGame.framework */ = {isa = PBXFileReference; explicitFileType = wrapper.framework; includeInIndex = 0; path = Pods_TranslationGame.framework; sourceTree = BUILT_PRODUCTS_DIR; };
		2FCFC0B56445581027A50169 /* Pods_TranslationGameTests.framework */ = {isa = PBXFileReference; explicitFileType = wrapper.framework; includeInIndex = 0; path = Pods_TranslationGameTests.framework; sourceTree = BUILT_PRODUCTS_DIR; };
		3591CECA286F444100651871 /* TranslationGame.app */ = {isa = PBXFileReference; explicitFileType = wrapper.application; includeInIndex = 0; path = TranslationGame.app; sourceTree = BUILT_PRODUCTS_DIR; };
		3591CECD286F444100651871 /* AppDelegate.swift */ = {isa = PBXFileReference; lastKnownFileType = sourcecode.swift; path = AppDelegate.swift; sourceTree = "<group>"; };
		3591CECF286F444100651871 /* SceneDelegate.swift */ = {isa = PBXFileReference; lastKnownFileType = sourcecode.swift; path = SceneDelegate.swift; sourceTree = "<group>"; };
		3591CED6286F444200651871 /* Assets.xcassets */ = {isa = PBXFileReference; lastKnownFileType = folder.assetcatalog; path = Assets.xcassets; sourceTree = "<group>"; };
		3591CED9286F444200651871 /* Base */ = {isa = PBXFileReference; lastKnownFileType = file.storyboard; name = Base; path = Base.lproj/LaunchScreen.storyboard; sourceTree = "<group>"; };
		3591CEDB286F444200651871 /* Info.plist */ = {isa = PBXFileReference; lastKnownFileType = text.plist.xml; path = Info.plist; sourceTree = "<group>"; };
		3591CEE0286F444200651871 /* TranslationGameTests.xctest */ = {isa = PBXFileReference; explicitFileType = wrapper.cfbundle; includeInIndex = 0; path = TranslationGameTests.xctest; sourceTree = BUILT_PRODUCTS_DIR; };
		3591CEEA286F444200651871 /* TranslationGameUITests.xctest */ = {isa = PBXFileReference; explicitFileType = wrapper.cfbundle; includeInIndex = 0; path = TranslationGameUITests.xctest; sourceTree = BUILT_PRODUCTS_DIR; };
		3591CEEE286F444200651871 /* TranslationGameUITests.swift */ = {isa = PBXFileReference; lastKnownFileType = sourcecode.swift; path = TranslationGameUITests.swift; sourceTree = "<group>"; };
		3591CEF0286F444200651871 /* TranslationGameUITestsLaunchTests.swift */ = {isa = PBXFileReference; lastKnownFileType = sourcecode.swift; path = TranslationGameUITestsLaunchTests.swift; sourceTree = "<group>"; };
		3591CEFD286F4CF700651871 /* Application.swift */ = {isa = PBXFileReference; lastKnownFileType = sourcecode.swift; path = Application.swift; sourceTree = "<group>"; };
		3591CF03286F4DD900651871 /* GameProtocol.swift */ = {isa = PBXFileReference; lastKnownFileType = sourcecode.swift; path = GameProtocol.swift; sourceTree = "<group>"; };
		3591CF05286F4DE300651871 /* LogicProtocol.swift */ = {isa = PBXFileReference; lastKnownFileType = sourcecode.swift; path = LogicProtocol.swift; sourceTree = "<group>"; };
		3591CF07286F4DEC00651871 /* LevelProtocol.swift */ = {isa = PBXFileReference; lastKnownFileType = sourcecode.swift; path = LevelProtocol.swift; sourceTree = "<group>"; };
		3591CF09286F4DF700651871 /* PlayerProtocol.swift */ = {isa = PBXFileReference; lastKnownFileType = sourcecode.swift; path = PlayerProtocol.swift; sourceTree = "<group>"; };
		3591CF0B286F4E0900651871 /* TranslationGame.swift */ = {isa = PBXFileReference; lastKnownFileType = sourcecode.swift; path = TranslationGame.swift; sourceTree = "<group>"; };
		3591CF0D286F4E1200651871 /* TranslationLogic.swift */ = {isa = PBXFileReference; lastKnownFileType = sourcecode.swift; path = TranslationLogic.swift; sourceTree = "<group>"; };
		3591CF0F286F4E1F00651871 /* TranslationLevel.swift */ = {isa = PBXFileReference; lastKnownFileType = sourcecode.swift; path = TranslationLevel.swift; sourceTree = "<group>"; };
		3591CF11286F4E3300651871 /* CurrentPlayer.swift */ = {isa = PBXFileReference; lastKnownFileType = sourcecode.swift; path = CurrentPlayer.swift; sourceTree = "<group>"; };
		3591CF14286F51BB00651871 /* TranslationGameTests.swift */ = {isa = PBXFileReference; lastKnownFileType = sourcecode.swift; path = TranslationGameTests.swift; sourceTree = "<group>"; };
		3591CF16286F529B00651871 /* words.json */ = {isa = PBXFileReference; fileEncoding = 4; lastKnownFileType = text.json; path = words.json; sourceTree = "<group>"; };
		3591CF19286F534300651871 /* TranslationLogicTests.swift */ = {isa = PBXFileReference; lastKnownFileType = sourcecode.swift; path = TranslationLogicTests.swift; sourceTree = "<group>"; };
		3591CF1B286F545200651871 /* TranslationLevelTest.swift */ = {isa = PBXFileReference; lastKnownFileType = sourcecode.swift; path = TranslationLevelTest.swift; sourceTree = "<group>"; };
		3591CF1D286F54ED00651871 /* CurrentPlayerTests.swift */ = {isa = PBXFileReference; lastKnownFileType = sourcecode.swift; path = CurrentPlayerTests.swift; sourceTree = "<group>"; };
		3591CF20286F572D00651871 /* WordPairModel.swift */ = {isa = PBXFileReference; lastKnownFileType = sourcecode.swift; path = WordPairModel.swift; sourceTree = "<group>"; };
		3591CF26286F5F9D00651871 /* Localizable.strings */ = {isa = PBXFileReference; lastKnownFileType = text.plist.strings; path = Localizable.strings; sourceTree = "<group>"; };
		3591CF2A286F5FD100651871 /* String+Extension.swift */ = {isa = PBXFileReference; lastKnownFileType = sourcecode.swift; path = "String+Extension.swift"; sourceTree = "<group>"; };
		3C00450BA2901502671DBAE1 /* Pods-TranslationGameTests.debug.xcconfig */ = {isa = PBXFileReference; includeInIndex = 1; lastKnownFileType = text.xcconfig; name = "Pods-TranslationGameTests.debug.xcconfig"; path = "Target Support Files/Pods-TranslationGameTests/Pods-TranslationGameTests.debug.xcconfig"; sourceTree = "<group>"; };
		5B3ECF437732545F54E7C356 /* Pods-TranslationGame.release.xcconfig */ = {isa = PBXFileReference; includeInIndex = 1; lastKnownFileType = text.xcconfig; name = "Pods-TranslationGame.release.xcconfig"; path = "Target Support Files/Pods-TranslationGame/Pods-TranslationGame.release.xcconfig"; sourceTree = "<group>"; };
		6D89712686EAD848EBDD1AF1 /* Pods_TranslationGame_TranslationGameUITests.framework */ = {isa = PBXFileReference; explicitFileType = wrapper.framework; includeInIndex = 0; path = Pods_TranslationGame_TranslationGameUITests.framework; sourceTree = BUILT_PRODUCTS_DIR; };
		74B6FC0D6B5A1FD7534CAFAC /* Pods-TranslationGame.debug.xcconfig */ = {isa = PBXFileReference; includeInIndex = 1; lastKnownFileType = text.xcconfig; name = "Pods-TranslationGame.debug.xcconfig"; path = "Target Support Files/Pods-TranslationGame/Pods-TranslationGame.debug.xcconfig"; sourceTree = "<group>"; };
		A50C97639FDCADD9851BD9F9 /* Pods-TranslationGame-TranslationGameUITests.debug.xcconfig */ = {isa = PBXFileReference; includeInIndex = 1; lastKnownFileType = text.xcconfig; name = "Pods-TranslationGame-TranslationGameUITests.debug.xcconfig"; path = "Target Support Files/Pods-TranslationGame-TranslationGameUITests/Pods-TranslationGame-TranslationGameUITests.debug.xcconfig"; sourceTree = "<group>"; };
		A9FF391473471D85DC41EEB1 /* Pods-TranslationGameTests.release.xcconfig */ = {isa = PBXFileReference; includeInIndex = 1; lastKnownFileType = text.xcconfig; name = "Pods-TranslationGameTests.release.xcconfig"; path = "Target Support Files/Pods-TranslationGameTests/Pods-TranslationGameTests.release.xcconfig"; sourceTree = "<group>"; };
/* End PBXFileReference section */

/* Begin PBXFrameworksBuildPhase section */
		3591CEC7286F444100651871 /* Frameworks */ = {
			isa = PBXFrameworksBuildPhase;
			buildActionMask = 2147483647;
			files = (
				F8A82BBEB43930EFA21E716A /* Pods_TranslationGame.framework in Frameworks */,
			);
			runOnlyForDeploymentPostprocessing = 0;
		};
		3591CEDD286F444200651871 /* Frameworks */ = {
			isa = PBXFrameworksBuildPhase;
			buildActionMask = 2147483647;
			files = (
				B99AB4683AA756A92103E143 /* Pods_TranslationGameTests.framework in Frameworks */,
			);
			runOnlyForDeploymentPostprocessing = 0;
		};
		3591CEE7286F444200651871 /* Frameworks */ = {
			isa = PBXFrameworksBuildPhase;
			buildActionMask = 2147483647;
			files = (
				ED967EFCBC9E4F0AE638AF1C /* Pods_TranslationGame_TranslationGameUITests.framework in Frameworks */,
			);
			runOnlyForDeploymentPostprocessing = 0;
		};
/* End PBXFrameworksBuildPhase section */

/* Begin PBXGroup section */
		3591CEC1286F444100651871 = {
			isa = PBXGroup;
			children = (
				3591CECC286F444100651871 /* TranslationGame */,
				3591CEE3286F444200651871 /* TranslationGameTests */,
				3591CEED286F444200651871 /* TranslationGameUITests */,
				3591CECB286F444100651871 /* Products */,
				3F543101227409F44868AA85 /* Pods */,
				B524432ACE5555E4ACFFC969 /* Frameworks */,
			);
			sourceTree = "<group>";
		};
		3591CECB286F444100651871 /* Products */ = {
			isa = PBXGroup;
			children = (
				3591CECA286F444100651871 /* TranslationGame.app */,
				3591CEE0286F444200651871 /* TranslationGameTests.xctest */,
				3591CEEA286F444200651871 /* TranslationGameUITests.xctest */,
			);
			name = Products;
			sourceTree = "<group>";
		};
		3591CECC286F444100651871 /* TranslationGame */ = {
			isa = PBXGroup;
			children = (
				3591CF29286F5FC600651871 /* Extensions */,
				3591CF1F286F571E00651871 /* Models */,
				3591CF01286F4DA400651871 /* AppLogic */,
				3591CF02286F4DBD00651871 /* TranslationLogic */,
				3591CF00286F4D9E00651871 /* Scenes */,
				3591CEFF286F4D8E00651871 /* Application */,
				3591CED6286F444200651871 /* Assets.xcassets */,
				3591CEDB286F444200651871 /* Info.plist */,
			);
			path = TranslationGame;
			sourceTree = "<group>";
		};
		3591CEE3286F444200651871 /* TranslationGameTests */ = {
			isa = PBXGroup;
			children = (
				3591CF13286F519100651871 /* LogicTests */,
			);
			path = TranslationGameTests;
			sourceTree = "<group>";
		};
		3591CEED286F444200651871 /* TranslationGameUITests */ = {
			isa = PBXGroup;
			children = (
				3591CEEE286F444200651871 /* TranslationGameUITests.swift */,
				3591CEF0286F444200651871 /* TranslationGameUITestsLaunchTests.swift */,
			);
			path = TranslationGameUITests;
			sourceTree = "<group>";
		};
		3591CEFF286F4D8E00651871 /* Application */ = {
			isa = PBXGroup;
			children = (
				3591CF16286F529B00651871 /* words.json */,
				3591CECD286F444100651871 /* AppDelegate.swift */,
				3591CECF286F444100651871 /* SceneDelegate.swift */,
				3591CED8286F444200651871 /* LaunchScreen.storyboard */,
				3591CEFD286F4CF700651871 /* Application.swift */,
				3591CF26286F5F9D00651871 /* Localizable.strings */,
			);
			path = Application;
			sourceTree = "<group>";
		};
		3591CF00286F4D9E00651871 /* Scenes */ = {
			isa = PBXGroup;
			children = (
			);
			path = Scenes;
			sourceTree = "<group>";
		};
		3591CF01286F4DA400651871 /* AppLogic */ = {
			isa = PBXGroup;
			children = (
				3591CF03286F4DD900651871 /* GameProtocol.swift */,
				3591CF05286F4DE300651871 /* LogicProtocol.swift */,
				3591CF07286F4DEC00651871 /* LevelProtocol.swift */,
				3591CF09286F4DF700651871 /* PlayerProtocol.swift */,
			);
			path = AppLogic;
			sourceTree = "<group>";
		};
		3591CF02286F4DBD00651871 /* TranslationLogic */ = {
			isa = PBXGroup;
			children = (
				3591CF0B286F4E0900651871 /* TranslationGame.swift */,
				3591CF0D286F4E1200651871 /* TranslationLogic.swift */,
				3591CF0F286F4E1F00651871 /* TranslationLevel.swift */,
				3591CF11286F4E3300651871 /* CurrentPlayer.swift */,
			);
			path = TranslationLogic;
			sourceTree = "<group>";
		};
		3591CF13286F519100651871 /* LogicTests */ = {
			isa = PBXGroup;
			children = (
				3591CF14286F51BB00651871 /* TranslationGameTests.swift */,
				3591CF19286F534300651871 /* TranslationLogicTests.swift */,
				3591CF1B286F545200651871 /* TranslationLevelTest.swift */,
				3591CF1D286F54ED00651871 /* CurrentPlayerTests.swift */,
			);
			path = LogicTests;
			sourceTree = "<group>";
		};
		3591CF1F286F571E00651871 /* Models */ = {
			isa = PBXGroup;
			children = (
				3591CF20286F572D00651871 /* WordPairModel.swift */,
			);
			path = Models;
			sourceTree = "<group>";
		};
		3591CF29286F5FC600651871 /* Extensions */ = {
			isa = PBXGroup;
			children = (
				3591CF2A286F5FD100651871 /* String+Extension.swift */,
			);
			path = Extensions;
			sourceTree = "<group>";
		};
		3F543101227409F44868AA85 /* Pods */ = {
			isa = PBXGroup;
			children = (
				74B6FC0D6B5A1FD7534CAFAC /* Pods-TranslationGame.debug.xcconfig */,
				5B3ECF437732545F54E7C356 /* Pods-TranslationGame.release.xcconfig */,
				A50C97639FDCADD9851BD9F9 /* Pods-TranslationGame-TranslationGameUITests.debug.xcconfig */,
				1B86ABD8DF66D160669016E4 /* Pods-TranslationGame-TranslationGameUITests.release.xcconfig */,
				3C00450BA2901502671DBAE1 /* Pods-TranslationGameTests.debug.xcconfig */,
				A9FF391473471D85DC41EEB1 /* Pods-TranslationGameTests.release.xcconfig */,
			);
			path = Pods;
			sourceTree = "<group>";
		};
		B524432ACE5555E4ACFFC969 /* Frameworks */ = {
			isa = PBXGroup;
			children = (
				2856D6FDEE6B4B98F2E785B3 /* Pods_TranslationGame.framework */,
				6D89712686EAD848EBDD1AF1 /* Pods_TranslationGame_TranslationGameUITests.framework */,
				2FCFC0B56445581027A50169 /* Pods_TranslationGameTests.framework */,
			);
			name = Frameworks;
			sourceTree = "<group>";
		};
/* End PBXGroup section */

/* Begin PBXNativeTarget section */
		3591CEC9286F444100651871 /* TranslationGame */ = {
			isa = PBXNativeTarget;
			buildConfigurationList = 3591CEF4286F444200651871 /* Build configuration list for PBXNativeTarget "TranslationGame" */;
			buildPhases = (
				823515846282FA3FDEDC53A8 /* [CP] Check Pods Manifest.lock */,
				3591CEC6286F444100651871 /* Sources */,
				3591CEC7286F444100651871 /* Frameworks */,
				3591CEC8286F444100651871 /* Resources */,
				6901B55F4E9F1FE1EC497097 /* [CP] Embed Pods Frameworks */,
			);
			buildRules = (
			);
			dependencies = (
			);
			name = TranslationGame;
			productName = TranslationGame;
			productReference = 3591CECA286F444100651871 /* TranslationGame.app */;
			productType = "com.apple.product-type.application";
		};
		3591CEDF286F444200651871 /* TranslationGameTests */ = {
			isa = PBXNativeTarget;
			buildConfigurationList = 3591CEF7286F444200651871 /* Build configuration list for PBXNativeTarget "TranslationGameTests" */;
			buildPhases = (
				665B2FB3B6FFD28D43001DDB /* [CP] Check Pods Manifest.lock */,
				3591CEDC286F444200651871 /* Sources */,
				3591CEDD286F444200651871 /* Frameworks */,
				3591CEDE286F444200651871 /* Resources */,
				37E1F6286F0FC195028BBC25 /* [CP] Embed Pods Frameworks */,
			);
			buildRules = (
			);
			dependencies = (
				3591CEE2286F444200651871 /* PBXTargetDependency */,
			);
			name = TranslationGameTests;
			productName = TranslationGameTests;
			productReference = 3591CEE0286F444200651871 /* TranslationGameTests.xctest */;
			productType = "com.apple.product-type.bundle.unit-test";
		};
		3591CEE9286F444200651871 /* TranslationGameUITests */ = {
			isa = PBXNativeTarget;
			buildConfigurationList = 3591CEFA286F444200651871 /* Build configuration list for PBXNativeTarget "TranslationGameUITests" */;
			buildPhases = (
				727548F8A154D82919946C03 /* [CP] Check Pods Manifest.lock */,
				3591CEE6286F444200651871 /* Sources */,
				3591CEE7286F444200651871 /* Frameworks */,
				3591CEE8286F444200651871 /* Resources */,
				FE9EFF61B2703E79794DAC3A /* [CP] Embed Pods Frameworks */,
			);
			buildRules = (
			);
			dependencies = (
				3591CEEC286F444200651871 /* PBXTargetDependency */,
			);
			name = TranslationGameUITests;
			productName = TranslationGameUITests;
			productReference = 3591CEEA286F444200651871 /* TranslationGameUITests.xctest */;
			productType = "com.apple.product-type.bundle.ui-testing";
		};
/* End PBXNativeTarget section */

/* Begin PBXProject section */
		3591CEC2286F444100651871 /* Project object */ = {
			isa = PBXProject;
			attributes = {
				BuildIndependentTargetsInParallel = 1;
				LastSwiftUpdateCheck = 1340;
				LastUpgradeCheck = 1340;
				TargetAttributes = {
					3591CEC9286F444100651871 = {
						CreatedOnToolsVersion = 13.4.1;
					};
					3591CEDF286F444200651871 = {
						CreatedOnToolsVersion = 13.4.1;
						TestTargetID = 3591CEC9286F444100651871;
					};
					3591CEE9286F444200651871 = {
						CreatedOnToolsVersion = 13.4.1;
						TestTargetID = 3591CEC9286F444100651871;
					};
				};
			};
			buildConfigurationList = 3591CEC5286F444100651871 /* Build configuration list for PBXProject "TranslationGame" */;
			compatibilityVersion = "Xcode 13.0";
			developmentRegion = en;
			hasScannedForEncodings = 0;
			knownRegions = (
				en,
				Base,
			);
			mainGroup = 3591CEC1286F444100651871;
			productRefGroup = 3591CECB286F444100651871 /* Products */;
			projectDirPath = "";
			projectRoot = "";
			targets = (
				3591CEC9286F444100651871 /* TranslationGame */,
				3591CEDF286F444200651871 /* TranslationGameTests */,
				3591CEE9286F444200651871 /* TranslationGameUITests */,
			);
		};
/* End PBXProject section */

/* Begin PBXResourcesBuildPhase section */
		3591CEC8286F444100651871 /* Resources */ = {
			isa = PBXResourcesBuildPhase;
			buildActionMask = 2147483647;
			files = (
				3591CF17286F529B00651871 /* words.json in Resources */,
				3591CF27286F5F9D00651871 /* Localizable.strings in Resources */,
				3591CEDA286F444200651871 /* LaunchScreen.storyboard in Resources */,
				3591CED7286F444200651871 /* Assets.xcassets in Resources */,
			);
			runOnlyForDeploymentPostprocessing = 0;
		};
		3591CEDE286F444200651871 /* Resources */ = {
			isa = PBXResourcesBuildPhase;
			buildActionMask = 2147483647;
			files = (
				3591CF18286F529B00651871 /* words.json in Resources */,
				3591CF28286F5F9D00651871 /* Localizable.strings in Resources */,
			);
			runOnlyForDeploymentPostprocessing = 0;
		};
		3591CEE8286F444200651871 /* Resources */ = {
			isa = PBXResourcesBuildPhase;
			buildActionMask = 2147483647;
			files = (
			);
			runOnlyForDeploymentPostprocessing = 0;
		};
/* End PBXResourcesBuildPhase section */

/* Begin PBXShellScriptBuildPhase section */
		37E1F6286F0FC195028BBC25 /* [CP] Embed Pods Frameworks */ = {
			isa = PBXShellScriptBuildPhase;
			buildActionMask = 2147483647;
			files = (
			);
			inputFileListPaths = (
				"${PODS_ROOT}/Target Support Files/Pods-TranslationGameTests/Pods-TranslationGameTests-frameworks-${CONFIGURATION}-input-files.xcfilelist",
			);
			name = "[CP] Embed Pods Frameworks";
			outputFileListPaths = (
				"${PODS_ROOT}/Target Support Files/Pods-TranslationGameTests/Pods-TranslationGameTests-frameworks-${CONFIGURATION}-output-files.xcfilelist",
			);
			runOnlyForDeploymentPostprocessing = 0;
			shellPath = /bin/sh;
			shellScript = "\"${PODS_ROOT}/Target Support Files/Pods-TranslationGameTests/Pods-TranslationGameTests-frameworks.sh\"\n";
			showEnvVarsInLog = 0;
		};
		665B2FB3B6FFD28D43001DDB /* [CP] Check Pods Manifest.lock */ = {
			isa = PBXShellScriptBuildPhase;
			buildActionMask = 2147483647;
			files = (
			);
			inputFileListPaths = (
			);
			inputPaths = (
				"${PODS_PODFILE_DIR_PATH}/Podfile.lock",
				"${PODS_ROOT}/Manifest.lock",
			);
			name = "[CP] Check Pods Manifest.lock";
			outputFileListPaths = (
			);
			outputPaths = (
				"$(DERIVED_FILE_DIR)/Pods-TranslationGameTests-checkManifestLockResult.txt",
			);
			runOnlyForDeploymentPostprocessing = 0;
			shellPath = /bin/sh;
			shellScript = "diff \"${PODS_PODFILE_DIR_PATH}/Podfile.lock\" \"${PODS_ROOT}/Manifest.lock\" > /dev/null\nif [ $? != 0 ] ; then\n    # print error to STDERR\n    echo \"error: The sandbox is not in sync with the Podfile.lock. Run 'pod install' or update your CocoaPods installation.\" >&2\n    exit 1\nfi\n# This output is used by Xcode 'outputs' to avoid re-running this script phase.\necho \"SUCCESS\" > \"${SCRIPT_OUTPUT_FILE_0}\"\n";
			showEnvVarsInLog = 0;
		};
		6901B55F4E9F1FE1EC497097 /* [CP] Embed Pods Frameworks */ = {
			isa = PBXShellScriptBuildPhase;
			buildActionMask = 2147483647;
			files = (
			);
			inputFileListPaths = (
				"${PODS_ROOT}/Target Support Files/Pods-TranslationGame/Pods-TranslationGame-frameworks-${CONFIGURATION}-input-files.xcfilelist",
			);
			name = "[CP] Embed Pods Frameworks";
			outputFileListPaths = (
				"${PODS_ROOT}/Target Support Files/Pods-TranslationGame/Pods-TranslationGame-frameworks-${CONFIGURATION}-output-files.xcfilelist",
			);
			runOnlyForDeploymentPostprocessing = 0;
			shellPath = /bin/sh;
			shellScript = "\"${PODS_ROOT}/Target Support Files/Pods-TranslationGame/Pods-TranslationGame-frameworks.sh\"\n";
			showEnvVarsInLog = 0;
		};
		727548F8A154D82919946C03 /* [CP] Check Pods Manifest.lock */ = {
			isa = PBXShellScriptBuildPhase;
			buildActionMask = 2147483647;
			files = (
			);
			inputFileListPaths = (
			);
			inputPaths = (
				"${PODS_PODFILE_DIR_PATH}/Podfile.lock",
				"${PODS_ROOT}/Manifest.lock",
			);
			name = "[CP] Check Pods Manifest.lock";
			outputFileListPaths = (
			);
			outputPaths = (
				"$(DERIVED_FILE_DIR)/Pods-TranslationGame-TranslationGameUITests-checkManifestLockResult.txt",
			);
			runOnlyForDeploymentPostprocessing = 0;
			shellPath = /bin/sh;
			shellScript = "diff \"${PODS_PODFILE_DIR_PATH}/Podfile.lock\" \"${PODS_ROOT}/Manifest.lock\" > /dev/null\nif [ $? != 0 ] ; then\n    # print error to STDERR\n    echo \"error: The sandbox is not in sync with the Podfile.lock. Run 'pod install' or update your CocoaPods installation.\" >&2\n    exit 1\nfi\n# This output is used by Xcode 'outputs' to avoid re-running this script phase.\necho \"SUCCESS\" > \"${SCRIPT_OUTPUT_FILE_0}\"\n";
			showEnvVarsInLog = 0;
		};
		823515846282FA3FDEDC53A8 /* [CP] Check Pods Manifest.lock */ = {
			isa = PBXShellScriptBuildPhase;
			buildActionMask = 2147483647;
			files = (
			);
			inputFileListPaths = (
			);
			inputPaths = (
				"${PODS_PODFILE_DIR_PATH}/Podfile.lock",
				"${PODS_ROOT}/Manifest.lock",
			);
			name = "[CP] Check Pods Manifest.lock";
			outputFileListPaths = (
			);
			outputPaths = (
				"$(DERIVED_FILE_DIR)/Pods-TranslationGame-checkManifestLockResult.txt",
			);
			runOnlyForDeploymentPostprocessing = 0;
			shellPath = /bin/sh;
			shellScript = "diff \"${PODS_PODFILE_DIR_PATH}/Podfile.lock\" \"${PODS_ROOT}/Manifest.lock\" > /dev/null\nif [ $? != 0 ] ; then\n    # print error to STDERR\n    echo \"error: The sandbox is not in sync with the Podfile.lock. Run 'pod install' or update your CocoaPods installation.\" >&2\n    exit 1\nfi\n# This output is used by Xcode 'outputs' to avoid re-running this script phase.\necho \"SUCCESS\" > \"${SCRIPT_OUTPUT_FILE_0}\"\n";
			showEnvVarsInLog = 0;
		};
		FE9EFF61B2703E79794DAC3A /* [CP] Embed Pods Frameworks */ = {
			isa = PBXShellScriptBuildPhase;
			buildActionMask = 2147483647;
			files = (
			);
			inputFileListPaths = (
				"${PODS_ROOT}/Target Support Files/Pods-TranslationGame-TranslationGameUITests/Pods-TranslationGame-TranslationGameUITests-frameworks-${CONFIGURATION}-input-files.xcfilelist",
			);
			name = "[CP] Embed Pods Frameworks";
			outputFileListPaths = (
				"${PODS_ROOT}/Target Support Files/Pods-TranslationGame-TranslationGameUITests/Pods-TranslationGame-TranslationGameUITests-frameworks-${CONFIGURATION}-output-files.xcfilelist",
			);
			runOnlyForDeploymentPostprocessing = 0;
			shellPath = /bin/sh;
			shellScript = "\"${PODS_ROOT}/Target Support Files/Pods-TranslationGame-TranslationGameUITests/Pods-TranslationGame-TranslationGameUITests-frameworks.sh\"\n";
			showEnvVarsInLog = 0;
		};
/* End PBXShellScriptBuildPhase section */

/* Begin PBXSourcesBuildPhase section */
		3591CEC6286F444100651871 /* Sources */ = {
			isa = PBXSourcesBuildPhase;
			buildActionMask = 2147483647;
			files = (
				3591CF10286F4E1F00651871 /* TranslationLevel.swift in Sources */,
				3591CF0A286F4DF700651871 /* PlayerProtocol.swift in Sources */,
				3591CF0C286F4E0900651871 /* TranslationGame.swift in Sources */,
				3591CF0E286F4E1200651871 /* TranslationLogic.swift in Sources */,
				3591CEFE286F4CF700651871 /* Application.swift in Sources */,
				3591CF04286F4DD900651871 /* GameProtocol.swift in Sources */,
				3591CF2B286F5FD100651871 /* String+Extension.swift in Sources */,
				3591CF12286F4E3300651871 /* CurrentPlayer.swift in Sources */,
				3591CF21286F572D00651871 /* WordPairModel.swift in Sources */,
				3591CF08286F4DEC00651871 /* LevelProtocol.swift in Sources */,
				3591CECE286F444100651871 /* AppDelegate.swift in Sources */,
				3591CED0286F444100651871 /* SceneDelegate.swift in Sources */,
				3591CF06286F4DE300651871 /* LogicProtocol.swift in Sources */,
			);
			runOnlyForDeploymentPostprocessing = 0;
		};
		3591CEDC286F444200651871 /* Sources */ = {
			isa = PBXSourcesBuildPhase;
			buildActionMask = 2147483647;
			files = (
				3591CF22286F572D00651871 /* WordPairModel.swift in Sources */,
				3591CF1A286F534300651871 /* TranslationLogicTests.swift in Sources */,
				3591CF1C286F545200651871 /* TranslationLevelTest.swift in Sources */,
				3591CF1E286F54ED00651871 /* CurrentPlayerTests.swift in Sources */,
				3591CF2C286F5FD100651871 /* String+Extension.swift in Sources */,
				3591CF15286F51BB00651871 /* TranslationGameTests.swift in Sources */,
			);
			runOnlyForDeploymentPostprocessing = 0;
		};
		3591CEE6286F444200651871 /* Sources */ = {
			isa = PBXSourcesBuildPhase;
			buildActionMask = 2147483647;
			files = (
				3591CEF1286F444200651871 /* TranslationGameUITestsLaunchTests.swift in Sources */,
				3591CEEF286F444200651871 /* TranslationGameUITests.swift in Sources */,
			);
			runOnlyForDeploymentPostprocessing = 0;
		};
/* End PBXSourcesBuildPhase section */

/* Begin PBXTargetDependency section */
		3591CEE2286F444200651871 /* PBXTargetDependency */ = {
			isa = PBXTargetDependency;
			target = 3591CEC9286F444100651871 /* TranslationGame */;
			targetProxy = 3591CEE1286F444200651871 /* PBXContainerItemProxy */;
		};
		3591CEEC286F444200651871 /* PBXTargetDependency */ = {
			isa = PBXTargetDependency;
			target = 3591CEC9286F444100651871 /* TranslationGame */;
			targetProxy = 3591CEEB286F444200651871 /* PBXContainerItemProxy */;
		};
/* End PBXTargetDependency section */

/* Begin PBXVariantGroup section */
		3591CED8286F444200651871 /* LaunchScreen.storyboard */ = {
			isa = PBXVariantGroup;
			children = (
				3591CED9286F444200651871 /* Base */,
			);
			name = LaunchScreen.storyboard;
			sourceTree = "<group>";
		};
/* End PBXVariantGroup section */

/* Begin XCBuildConfiguration section */
		3591CEF2286F444200651871 /* Debug */ = {
			isa = XCBuildConfiguration;
			buildSettings = {
				ALWAYS_SEARCH_USER_PATHS = NO;
				CLANG_ANALYZER_NONNULL = YES;
				CLANG_ANALYZER_NUMBER_OBJECT_CONVERSION = YES_AGGRESSIVE;
				CLANG_CXX_LANGUAGE_STANDARD = "gnu++17";
				CLANG_ENABLE_MODULES = YES;
				CLANG_ENABLE_OBJC_ARC = YES;
				CLANG_ENABLE_OBJC_WEAK = YES;
				CLANG_WARN_BLOCK_CAPTURE_AUTORELEASING = YES;
				CLANG_WARN_BOOL_CONVERSION = YES;
				CLANG_WARN_COMMA = YES;
				CLANG_WARN_CONSTANT_CONVERSION = YES;
				CLANG_WARN_DEPRECATED_OBJC_IMPLEMENTATIONS = YES;
				CLANG_WARN_DIRECT_OBJC_ISA_USAGE = YES_ERROR;
				CLANG_WARN_DOCUMENTATION_COMMENTS = YES;
				CLANG_WARN_EMPTY_BODY = YES;
				CLANG_WARN_ENUM_CONVERSION = YES;
				CLANG_WARN_INFINITE_RECURSION = YES;
				CLANG_WARN_INT_CONVERSION = YES;
				CLANG_WARN_NON_LITERAL_NULL_CONVERSION = YES;
				CLANG_WARN_OBJC_IMPLICIT_RETAIN_SELF = YES;
				CLANG_WARN_OBJC_LITERAL_CONVERSION = YES;
				CLANG_WARN_OBJC_ROOT_CLASS = YES_ERROR;
				CLANG_WARN_QUOTED_INCLUDE_IN_FRAMEWORK_HEADER = YES;
				CLANG_WARN_RANGE_LOOP_ANALYSIS = YES;
				CLANG_WARN_STRICT_PROTOTYPES = YES;
				CLANG_WARN_SUSPICIOUS_MOVE = YES;
				CLANG_WARN_UNGUARDED_AVAILABILITY = YES_AGGRESSIVE;
				CLANG_WARN_UNREACHABLE_CODE = YES;
				CLANG_WARN__DUPLICATE_METHOD_MATCH = YES;
				COPY_PHASE_STRIP = NO;
				DEBUG_INFORMATION_FORMAT = dwarf;
				ENABLE_STRICT_OBJC_MSGSEND = YES;
				ENABLE_TESTABILITY = YES;
				GCC_C_LANGUAGE_STANDARD = gnu11;
				GCC_DYNAMIC_NO_PIC = NO;
				GCC_NO_COMMON_BLOCKS = YES;
				GCC_OPTIMIZATION_LEVEL = 0;
				GCC_PREPROCESSOR_DEFINITIONS = (
					"DEBUG=1",
					"$(inherited)",
				);
				GCC_WARN_64_TO_32_BIT_CONVERSION = YES;
				GCC_WARN_ABOUT_RETURN_TYPE = YES_ERROR;
				GCC_WARN_UNDECLARED_SELECTOR = YES;
				GCC_WARN_UNINITIALIZED_AUTOS = YES_AGGRESSIVE;
				GCC_WARN_UNUSED_FUNCTION = YES;
				GCC_WARN_UNUSED_VARIABLE = YES;
				IPHONEOS_DEPLOYMENT_TARGET = 15.5;
				MTL_ENABLE_DEBUG_INFO = INCLUDE_SOURCE;
				MTL_FAST_MATH = YES;
				ONLY_ACTIVE_ARCH = YES;
				SDKROOT = iphoneos;
				SWIFT_ACTIVE_COMPILATION_CONDITIONS = DEBUG;
				SWIFT_OPTIMIZATION_LEVEL = "-Onone";
			};
			name = Debug;
		};
		3591CEF3286F444200651871 /* Release */ = {
			isa = XCBuildConfiguration;
			buildSettings = {
				ALWAYS_SEARCH_USER_PATHS = NO;
				CLANG_ANALYZER_NONNULL = YES;
				CLANG_ANALYZER_NUMBER_OBJECT_CONVERSION = YES_AGGRESSIVE;
				CLANG_CXX_LANGUAGE_STANDARD = "gnu++17";
				CLANG_ENABLE_MODULES = YES;
				CLANG_ENABLE_OBJC_ARC = YES;
				CLANG_ENABLE_OBJC_WEAK = YES;
				CLANG_WARN_BLOCK_CAPTURE_AUTORELEASING = YES;
				CLANG_WARN_BOOL_CONVERSION = YES;
				CLANG_WARN_COMMA = YES;
				CLANG_WARN_CONSTANT_CONVERSION = YES;
				CLANG_WARN_DEPRECATED_OBJC_IMPLEMENTATIONS = YES;
				CLANG_WARN_DIRECT_OBJC_ISA_USAGE = YES_ERROR;
				CLANG_WARN_DOCUMENTATION_COMMENTS = YES;
				CLANG_WARN_EMPTY_BODY = YES;
				CLANG_WARN_ENUM_CONVERSION = YES;
				CLANG_WARN_INFINITE_RECURSION = YES;
				CLANG_WARN_INT_CONVERSION = YES;
				CLANG_WARN_NON_LITERAL_NULL_CONVERSION = YES;
				CLANG_WARN_OBJC_IMPLICIT_RETAIN_SELF = YES;
				CLANG_WARN_OBJC_LITERAL_CONVERSION = YES;
				CLANG_WARN_OBJC_ROOT_CLASS = YES_ERROR;
				CLANG_WARN_QUOTED_INCLUDE_IN_FRAMEWORK_HEADER = YES;
				CLANG_WARN_RANGE_LOOP_ANALYSIS = YES;
				CLANG_WARN_STRICT_PROTOTYPES = YES;
				CLANG_WARN_SUSPICIOUS_MOVE = YES;
				CLANG_WARN_UNGUARDED_AVAILABILITY = YES_AGGRESSIVE;
				CLANG_WARN_UNREACHABLE_CODE = YES;
				CLANG_WARN__DUPLICATE_METHOD_MATCH = YES;
				COPY_PHASE_STRIP = NO;
				DEBUG_INFORMATION_FORMAT = "dwarf-with-dsym";
				ENABLE_NS_ASSERTIONS = NO;
				ENABLE_STRICT_OBJC_MSGSEND = YES;
				GCC_C_LANGUAGE_STANDARD = gnu11;
				GCC_NO_COMMON_BLOCKS = YES;
				GCC_WARN_64_TO_32_BIT_CONVERSION = YES;
				GCC_WARN_ABOUT_RETURN_TYPE = YES_ERROR;
				GCC_WARN_UNDECLARED_SELECTOR = YES;
				GCC_WARN_UNINITIALIZED_AUTOS = YES_AGGRESSIVE;
				GCC_WARN_UNUSED_FUNCTION = YES;
				GCC_WARN_UNUSED_VARIABLE = YES;
				IPHONEOS_DEPLOYMENT_TARGET = 15.5;
				MTL_ENABLE_DEBUG_INFO = NO;
				MTL_FAST_MATH = YES;
				SDKROOT = iphoneos;
				SWIFT_COMPILATION_MODE = wholemodule;
				SWIFT_OPTIMIZATION_LEVEL = "-O";
				VALIDATE_PRODUCT = YES;
			};
			name = Release;
		};
		3591CEF5286F444200651871 /* Debug */ = {
			isa = XCBuildConfiguration;
			baseConfigurationReference = 74B6FC0D6B5A1FD7534CAFAC /* Pods-TranslationGame.debug.xcconfig */;
			buildSettings = {
				ASSETCATALOG_COMPILER_APPICON_NAME = AppIcon;
				ASSETCATALOG_COMPILER_GLOBAL_ACCENT_COLOR_NAME = AccentColor;
				CODE_SIGN_STYLE = Automatic;
				CURRENT_PROJECT_VERSION = 1;
				DEVELOPMENT_TEAM = 9VRPM2996S;
				GENERATE_INFOPLIST_FILE = YES;
				INFOPLIST_FILE = TranslationGame/Info.plist;
				INFOPLIST_KEY_UIApplicationSupportsIndirectInputEvents = YES;
				INFOPLIST_KEY_UILaunchStoryboardName = LaunchScreen;
				INFOPLIST_KEY_UIMainStoryboardFile = "";
				INFOPLIST_KEY_UISupportedInterfaceOrientations_iPad = "UIInterfaceOrientationPortrait UIInterfaceOrientationPortraitUpsideDown UIInterfaceOrientationLandscapeLeft UIInterfaceOrientationLandscapeRight";
				INFOPLIST_KEY_UISupportedInterfaceOrientations_iPhone = "UIInterfaceOrientationPortrait UIInterfaceOrientationLandscapeLeft UIInterfaceOrientationLandscapeRight";
				LD_RUNPATH_SEARCH_PATHS = (
					"$(inherited)",
					"@executable_path/Frameworks",
				);
				MARKETING_VERSION = 1.0;
				PRODUCT_BUNDLE_IDENTIFIER = com.ali.nabil.ysf.TranslationGame;
				PRODUCT_NAME = "$(TARGET_NAME)";
				SWIFT_EMIT_LOC_STRINGS = YES;
				SWIFT_VERSION = 5.0;
				TARGETED_DEVICE_FAMILY = 1;
			};
			name = Debug;
		};
		3591CEF6286F444200651871 /* Release */ = {
			isa = XCBuildConfiguration;
			baseConfigurationReference = 5B3ECF437732545F54E7C356 /* Pods-TranslationGame.release.xcconfig */;
			buildSettings = {
				ASSETCATALOG_COMPILER_APPICON_NAME = AppIcon;
				ASSETCATALOG_COMPILER_GLOBAL_ACCENT_COLOR_NAME = AccentColor;
				CODE_SIGN_STYLE = Automatic;
				CURRENT_PROJECT_VERSION = 1;
				DEVELOPMENT_TEAM = 9VRPM2996S;
				GENERATE_INFOPLIST_FILE = YES;
				INFOPLIST_FILE = TranslationGame/Info.plist;
				INFOPLIST_KEY_UIApplicationSupportsIndirectInputEvents = YES;
				INFOPLIST_KEY_UILaunchStoryboardName = LaunchScreen;
				INFOPLIST_KEY_UIMainStoryboardFile = "";
				INFOPLIST_KEY_UISupportedInterfaceOrientations_iPad = "UIInterfaceOrientationPortrait UIInterfaceOrientationPortraitUpsideDown UIInterfaceOrientationLandscapeLeft UIInterfaceOrientationLandscapeRight";
				INFOPLIST_KEY_UISupportedInterfaceOrientations_iPhone = "UIInterfaceOrientationPortrait UIInterfaceOrientationLandscapeLeft UIInterfaceOrientationLandscapeRight";
				LD_RUNPATH_SEARCH_PATHS = (
					"$(inherited)",
					"@executable_path/Frameworks",
				);
				MARKETING_VERSION = 1.0;
				PRODUCT_BUNDLE_IDENTIFIER = com.ali.nabil.ysf.TranslationGame;
				PRODUCT_NAME = "$(TARGET_NAME)";
				SWIFT_EMIT_LOC_STRINGS = YES;
				SWIFT_VERSION = 5.0;
				TARGETED_DEVICE_FAMILY = 1;
			};
			name = Release;
		};
		3591CEF8286F444200651871 /* Debug */ = {
			isa = XCBuildConfiguration;
			baseConfigurationReference = 3C00450BA2901502671DBAE1 /* Pods-TranslationGameTests.debug.xcconfig */;
			buildSettings = {
				ALWAYS_EMBED_SWIFT_STANDARD_LIBRARIES = YES;
				BUNDLE_LOADER = "$(TEST_HOST)";
				CODE_SIGN_STYLE = Automatic;
				CURRENT_PROJECT_VERSION = 1;
				DEVELOPMENT_TEAM = 9VRPM2996S;
				GENERATE_INFOPLIST_FILE = YES;
				IPHONEOS_DEPLOYMENT_TARGET = 15.5;
				MARKETING_VERSION = 1.0;
				PRODUCT_BUNDLE_IDENTIFIER = com.ali.nabil.ysf.TranslationGameTests;
				PRODUCT_NAME = "$(TARGET_NAME)";
				SWIFT_EMIT_LOC_STRINGS = NO;
				SWIFT_VERSION = 5.0;
				TARGETED_DEVICE_FAMILY = "1,2";
				TEST_HOST = "$(BUILT_PRODUCTS_DIR)/TranslationGame.app/TranslationGame";
			};
			name = Debug;
		};
		3591CEF9286F444200651871 /* Release */ = {
			isa = XCBuildConfiguration;
			baseConfigurationReference = A9FF391473471D85DC41EEB1 /* Pods-TranslationGameTests.release.xcconfig */;
			buildSettings = {
				ALWAYS_EMBED_SWIFT_STANDARD_LIBRARIES = YES;
				BUNDLE_LOADER = "$(TEST_HOST)";
				CODE_SIGN_STYLE = Automatic;
				CURRENT_PROJECT_VERSION = 1;
				DEVELOPMENT_TEAM = 9VRPM2996S;
				GENERATE_INFOPLIST_FILE = YES;
				IPHONEOS_DEPLOYMENT_TARGET = 15.5;
				MARKETING_VERSION = 1.0;
				PRODUCT_BUNDLE_IDENTIFIER = com.ali.nabil.ysf.TranslationGameTests;
				PRODUCT_NAME = "$(TARGET_NAME)";
				SWIFT_EMIT_LOC_STRINGS = NO;
				SWIFT_VERSION = 5.0;
				TARGETED_DEVICE_FAMILY = "1,2";
				TEST_HOST = "$(BUILT_PRODUCTS_DIR)/TranslationGame.app/TranslationGame";
			};
			name = Release;
		};
		3591CEFB286F444200651871 /* Debug */ = {
			isa = XCBuildConfiguration;
			baseConfigurationReference = A50C97639FDCADD9851BD9F9 /* Pods-TranslationGame-TranslationGameUITests.debug.xcconfig */;
			buildSettings = {
				ALWAYS_EMBED_SWIFT_STANDARD_LIBRARIES = YES;
				CODE_SIGN_STYLE = Automatic;
				CURRENT_PROJECT_VERSION = 1;
				DEVELOPMENT_TEAM = 9VRPM2996S;
				GENERATE_INFOPLIST_FILE = YES;
				MARKETING_VERSION = 1.0;
				PRODUCT_BUNDLE_IDENTIFIER = com.ali.nabil.ysf.TranslationGameUITests;
				PRODUCT_NAME = "$(TARGET_NAME)";
				SWIFT_EMIT_LOC_STRINGS = NO;
				SWIFT_VERSION = 5.0;
				TARGETED_DEVICE_FAMILY = "1,2";
				TEST_TARGET_NAME = TranslationGame;
			};
			name = Debug;
		};
		3591CEFC286F444200651871 /* Release */ = {
			isa = XCBuildConfiguration;
			baseConfigurationReference = 1B86ABD8DF66D160669016E4 /* Pods-TranslationGame-TranslationGameUITests.release.xcconfig */;
			buildSettings = {
				ALWAYS_EMBED_SWIFT_STANDARD_LIBRARIES = YES;
				CODE_SIGN_STYLE = Automatic;
				CURRENT_PROJECT_VERSION = 1;
				DEVELOPMENT_TEAM = 9VRPM2996S;
				GENERATE_INFOPLIST_FILE = YES;
				MARKETING_VERSION = 1.0;
				PRODUCT_BUNDLE_IDENTIFIER = com.ali.nabil.ysf.TranslationGameUITests;
				PRODUCT_NAME = "$(TARGET_NAME)";
				SWIFT_EMIT_LOC_STRINGS = NO;
				SWIFT_VERSION = 5.0;
				TARGETED_DEVICE_FAMILY = "1,2";
				TEST_TARGET_NAME = TranslationGame;
			};
			name = Release;
		};
/* End XCBuildConfiguration section */

/* Begin XCConfigurationList section */
		3591CEC5286F444100651871 /* Build configuration list for PBXProject "TranslationGame" */ = {
			isa = XCConfigurationList;
			buildConfigurations = (
				3591CEF2286F444200651871 /* Debug */,
				3591CEF3286F444200651871 /* Release */,
			);
			defaultConfigurationIsVisible = 0;
			defaultConfigurationName = Release;
		};
		3591CEF4286F444200651871 /* Build configuration list for PBXNativeTarget "TranslationGame" */ = {
			isa = XCConfigurationList;
			buildConfigurations = (
				3591CEF5286F444200651871 /* Debug */,
				3591CEF6286F444200651871 /* Release */,
			);
			defaultConfigurationIsVisible = 0;
			defaultConfigurationName = Release;
		};
		3591CEF7286F444200651871 /* Build configuration list for PBXNativeTarget "TranslationGameTests" */ = {
			isa = XCConfigurationList;
			buildConfigurations = (
				3591CEF8286F444200651871 /* Debug */,
				3591CEF9286F444200651871 /* Release */,
			);
			defaultConfigurationIsVisible = 0;
			defaultConfigurationName = Release;
		};
		3591CEFA286F444200651871 /* Build configuration list for PBXNativeTarget "TranslationGameUITests" */ = {
			isa = XCConfigurationList;
			buildConfigurations = (
				3591CEFB286F444200651871 /* Debug */,
				3591CEFC286F444200651871 /* Release */,
			);
			defaultConfigurationIsVisible = 0;
			defaultConfigurationName = Release;
		};
/* End XCConfigurationList section */
	};
	rootObject = 3591CEC2286F444100651871 /* Project object */;
}
